
Microsoft Visual Studio Solution File, Format Version 12.00
# Visual Studio Version 16
VisualStudioVersion = 16.0.29324.140
MinimumVisualStudioVersion = 10.0.40219.1
Project("{FAE04EC0-301F-11D3-BF4B-00C04F79EFBC}") = "Assignment1", "Assignment1\Assignment1.csproj", "{9F736604-E38D-48C2-96C0-24C6ED9C646C}"
EndProject
Project("{FAE04EC0-301F-11D3-BF4B-00C04F79EFBC}") = "Assignment2", "Assignment2\Assignment2.csproj", "{6E004E52-3725-43D6-82E7-C453D68165D2}"
EndProject
Project("{FAE04EC0-301F-11D3-BF4B-00C04F79EFBC}") = "Assignement2.2", "Assignement2.2\Assignement2.2.csproj", "{DBACA0F6-6758-4FFA-A748-3677F78E1CAD}"
EndProject
Project("{FAE04EC0-301F-11D3-BF4B-00C04F79EFBC}") = "Assignment3", "Assignment3\Assignment3.csproj", "{9BB9BF63-1275-4DF4-B3B6-B0B7CC1008DE}"
EndProject
Project("{FAE04EC0-301F-11D3-BF4B-00C04F79EFBC}") = "Assignment4", "Assignment4\Assignment4.csproj", "{B3928ED3-994B-445D-BC3E-F921F421B436}"
EndProject
Project("{FAE04EC0-301F-11D3-BF4B-00C04F79EFBC}") = "Assignment4.1", "Assignment4.1\Assignment4.1.csproj", "{5D280E0C-090D-4869-8120-3855BBF0D151}"
EndProject
Global
	GlobalSection(SolutionConfigurationPlatforms) = preSolution
		Debug|Any CPU = Debug|Any CPU
		Release|Any CPU = Release|Any CPU
	EndGlobalSection
	GlobalSection(ProjectConfigurationPlatforms) = postSolution
		{9F736604-E38D-48C2-96C0-24C6ED9C646C}.Debug|Any CPU.ActiveCfg = Debug|Any CPU
		{9F736604-E38D-48C2-96C0-24C6ED9C646C}.Debug|Any CPU.Build.0 = Debug|Any CPU
		{9F736604-E38D-48C2-96C0-24C6ED9C646C}.Release|Any CPU.ActiveCfg = Release|Any CPU
		{9F736604-E38D-48C2-96C0-24C6ED9C646C}.Release|Any CPU.Build.0 = Release|Any CPU
		{6E004E52-3725-43D6-82E7-C453D68165D2}.Debug|Any CPU.ActiveCfg = Debug|Any CPU
		{6E004E52-3725-43D6-82E7-C453D68165D2}.Debug|Any CPU.Build.0 = Debug|Any CPU
		{6E004E52-3725-43D6-82E7-C453D68165D2}.Release|Any CPU.ActiveCfg = Release|Any CPU
		{6E004E52-3725-43D6-82E7-C453D68165D2}.Release|Any CPU.Build.0 = Release|Any CPU
		{DBACA0F6-6758-4FFA-A748-3677F78E1CAD}.Debug|Any CPU.ActiveCfg = Debug|Any CPU
		{DBACA0F6-6758-4FFA-A748-3677F78E1CAD}.Debug|Any CPU.Build.0 = Debug|Any CPU
		{DBACA0F6-6758-4FFA-A748-3677F78E1CAD}.Release|Any CPU.ActiveCfg = Release|Any CPU
		{DBACA0F6-6758-4FFA-A748-3677F78E1CAD}.Release|Any CPU.Build.0 = Release|Any CPU
		{9BB9BF63-1275-4DF4-B3B6-B0B7CC1008DE}.Debug|Any CPU.ActiveCfg = Debug|Any CPU
		{9BB9BF63-1275-4DF4-B3B6-B0B7CC1008DE}.Debug|Any CPU.Build.0 = Debug|Any CPU
		{9BB9BF63-1275-4DF4-B3B6-B0B7CC1008DE}.Release|Any CPU.ActiveCfg = Release|Any CPU
		{9BB9BF63-1275-4DF4-B3B6-B0B7CC1008DE}.Release|Any CPU.Build.0 = Release|Any CPU
		{B3928ED3-994B-445D-BC3E-F921F421B436}.Debug|Any CPU.ActiveCfg = Debug|Any CPU
		{B3928ED3-994B-445D-BC3E-F921F421B436}.Debug|Any CPU.Build.0 = Debug|Any CPU
		{B3928ED3-994B-445D-BC3E-F921F421B436}.Release|Any CPU.ActiveCfg = Release|Any CPU
		{B3928ED3-994B-445D-BC3E-F921F421B436}.Release|Any CPU.Build.0 = Release|Any CPU
		{5D280E0C-090D-4869-8120-3855BBF0D151}.Debug|Any CPU.ActiveCfg = Debug|Any CPU
		{5D280E0C-090D-4869-8120-3855BBF0D151}.Debug|Any CPU.Build.0 = Debug|Any CPU
		{5D280E0C-090D-4869-8120-3855BBF0D151}.Release|Any CPU.ActiveCfg = Release|Any CPU
		{5D280E0C-090D-4869-8120-3855BBF0D151}.Release|Any CPU.Build.0 = Release|Any CPU
	EndGlobalSection
	GlobalSection(SolutionProperties) = preSolution
		HideSolutionNode = FALSE
	EndGlobalSection
	GlobalSection(ExtensibilityGlobals) = postSolution
		SolutionGuid = {D98AB64D-EB74-4C3A-9683-EE067BBA6BAB}
	EndGlobalSection
EndGlobal
