
Microsoft Visual Studio Solution File, Format Version 12.00
# Visual Studio Version 16
VisualStudioVersion = 16.0.29324.140
MinimumVisualStudioVersion = 10.0.40219.1
Project("{FAE04EC0-301F-11D3-BF4B-00C04F79EFBC}") = "Assignment1", "Assignment1\Assignment1.csproj", "{9F736604-E38D-48C2-96C0-24C6ED9C646C}"
EndProject
Project("{FAE04EC0-301F-11D3-BF4B-00C04F79EFBC}") = "Assignment2", "Assignment2\Assignment2.csproj", "{6E004E52-3725-43D6-82E7-C453D68165D2}"
EndProject
Project("{FAE04EC0-301F-11D3-BF4B-00C04F79EFBC}") = "Assignement2.2", "Assignement2.2\Assignement2.2.csproj", "{DBACA0F6-6758-4FFA-A748-3677F78E1CAD}"
EndProject
Project("{FAE04EC0-301F-11D3-BF4B-00C04F79EFBC}") = "Assignment3", "Assignment3\Assignment3.csproj", "{9BB9BF63-1275-4DF4-B3B6-B0B7CC1008DE}"
EndProject
Project("{FAE04EC0-301F-11D3-BF4B-00C04F79EFBC}") = "Assignment4", "Assignment4\Assignment4.csproj", "{B3928ED3-994B-445D-BC3E-F921F421B436}"
EndProject
Project("{FAE04EC0-301F-11D3-BF4B-00C04F79EFBC}") = "Assignment4.1", "Assignment4.1\Assignment4.1.csproj", "{5D280E0C-090D-4869-8120-3855BBF0D151}"
EndProject
Project("{FAE04EC0-301F-11D3-BF4B-00C04F79EFBC}") = "Assignment5", "Assignment5\Assignment5.csproj", "{C3338C65-E36F-425D-B328-034551ECDFA6}"
EndProject
Project("{FAE04EC0-301F-11D3-BF4B-00C04F79EFBC}") = "Assignment6", "Assignment6\Assignment6.csproj", "{32D7CE31-314D-4167-A95F-22BFFA34D39D}"
EndProject
Project("{FAE04EC0-301F-11D3-BF4B-00C04F79EFBC}") = "Assignment6.1", "Assignment6.1\Assignment6.1.csproj", "{9877499B-5769-493B-B741-0D9E31442E6D}"
EndProject
Project("{FAE04EC0-301F-11D3-BF4B-00C04F79EFBC}") = "Assignment6.0.1", "Assignment6.0.1\Assignment6.0.1.csproj", "{59F010F4-0FE2-4CBE-BA5F-379AB75D3DEC}"
EndProject
Project("{FAE04EC0-301F-11D3-BF4B-00C04F79EFBC}") = "Assignment7", "Assignment7\Assignment7.csproj", "{C77805B7-F0B5-42F0-9270-F9961A9A017F}"
EndProject
Project("{FAE04EC0-301F-11D3-BF4B-00C04F79EFBC}") = "Assignment8", "Assignment8\Assignment8.csproj", "{E5335520-1412-46BE-97A5-B7142E6FDB2F}"
EndProject
Project("{FAE04EC0-301F-11D3-BF4B-00C04F79EFBC}") = "Assignment9.1", "Assignment9.1\Assignment9.1.csproj", "{07AB50B3-F7C6-4B45-8F60-66045DFE21E6}"
EndProject
Project("{9A19103F-16F7-4668-BE54-9A1E7A4F7556}") = "Plugin", "Plugin\Plugin.csproj", "{BD300175-A7A8-466D-B423-2E48670E33FA}"
EndProject
Project("{9A19103F-16F7-4668-BE54-9A1E7A4F7556}") = "ArmenianTranslator", "ArmenianTranslator\ArmenianTranslator.csproj", "{154FBFB0-F983-4B82-9DF0-B7565A518FE4}"
EndProject
Project("{9A19103F-16F7-4668-BE54-9A1E7A4F7556}") = "RussianTranslator", "RussianTranslator\RussianTranslator.csproj", "{6C925BA8-1933-4BCE-B6F9-20E7509321A7}"
EndProject
Project("{9A19103F-16F7-4668-BE54-9A1E7A4F7556}") = "FinnishTranslator", "FinnishTranslator\FinnishTranslator.csproj", "{C52499E0-5F78-4348-BD5D-E072868E6BF5}"
EndProject
Project("{9A19103F-16F7-4668-BE54-9A1E7A4F7556}") = "SpanishTranslator", "SpanishTranslator\SpanishTranslator.csproj", "{6E889FB9-205C-4979-988E-3FEC312212C5}"
EndProject
Project("{FAE04EC0-301F-11D3-BF4B-00C04F79EFBC}") = "Assignment9", "Assignment9\Assignment9.csproj", "{7174CA74-B22C-4CCB-9C42-5EDB87966BB0}"
EndProject
Project("{2150E333-8FDC-42A3-9474-1A3956D46DE8}") = "Assignment9full", "Assignment9full", "{4C5353AD-B143-472F-A154-B370AB1B4883}"
EndProject
Project("{FAE04EC0-301F-11D3-BF4B-00C04F79EFBC}") = "Assignment9.UnitTests", "Assignment9.UnitTests\Assignment9.UnitTests.csproj", "{B7EBCD4A-1140-416C-8DC1-039C04539837}"
EndProject
Global
	GlobalSection(SolutionConfigurationPlatforms) = preSolution
		Debug|Any CPU = Debug|Any CPU
		Release|Any CPU = Release|Any CPU
	EndGlobalSection
	GlobalSection(ProjectConfigurationPlatforms) = postSolution
		{9F736604-E38D-48C2-96C0-24C6ED9C646C}.Debug|Any CPU.ActiveCfg = Debug|Any CPU
		{9F736604-E38D-48C2-96C0-24C6ED9C646C}.Debug|Any CPU.Build.0 = Debug|Any CPU
		{9F736604-E38D-48C2-96C0-24C6ED9C646C}.Release|Any CPU.ActiveCfg = Release|Any CPU
		{9F736604-E38D-48C2-96C0-24C6ED9C646C}.Release|Any CPU.Build.0 = Release|Any CPU
		{6E004E52-3725-43D6-82E7-C453D68165D2}.Debug|Any CPU.ActiveCfg = Debug|Any CPU
		{6E004E52-3725-43D6-82E7-C453D68165D2}.Debug|Any CPU.Build.0 = Debug|Any CPU
		{6E004E52-3725-43D6-82E7-C453D68165D2}.Release|Any CPU.ActiveCfg = Release|Any CPU
		{6E004E52-3725-43D6-82E7-C453D68165D2}.Release|Any CPU.Build.0 = Release|Any CPU
		{DBACA0F6-6758-4FFA-A748-3677F78E1CAD}.Debug|Any CPU.ActiveCfg = Debug|Any CPU
		{DBACA0F6-6758-4FFA-A748-3677F78E1CAD}.Debug|Any CPU.Build.0 = Debug|Any CPU
		{DBACA0F6-6758-4FFA-A748-3677F78E1CAD}.Release|Any CPU.ActiveCfg = Release|Any CPU
		{DBACA0F6-6758-4FFA-A748-3677F78E1CAD}.Release|Any CPU.Build.0 = Release|Any CPU
		{9BB9BF63-1275-4DF4-B3B6-B0B7CC1008DE}.Debug|Any CPU.ActiveCfg = Debug|Any CPU
		{9BB9BF63-1275-4DF4-B3B6-B0B7CC1008DE}.Debug|Any CPU.Build.0 = Debug|Any CPU
		{9BB9BF63-1275-4DF4-B3B6-B0B7CC1008DE}.Release|Any CPU.ActiveCfg = Release|Any CPU
		{9BB9BF63-1275-4DF4-B3B6-B0B7CC1008DE}.Release|Any CPU.Build.0 = Release|Any CPU
		{B3928ED3-994B-445D-BC3E-F921F421B436}.Debug|Any CPU.ActiveCfg = Debug|Any CPU
		{B3928ED3-994B-445D-BC3E-F921F421B436}.Debug|Any CPU.Build.0 = Debug|Any CPU
		{B3928ED3-994B-445D-BC3E-F921F421B436}.Release|Any CPU.ActiveCfg = Release|Any CPU
		{B3928ED3-994B-445D-BC3E-F921F421B436}.Release|Any CPU.Build.0 = Release|Any CPU
		{5D280E0C-090D-4869-8120-3855BBF0D151}.Debug|Any CPU.ActiveCfg = Debug|Any CPU
		{5D280E0C-090D-4869-8120-3855BBF0D151}.Debug|Any CPU.Build.0 = Debug|Any CPU
		{5D280E0C-090D-4869-8120-3855BBF0D151}.Release|Any CPU.ActiveCfg = Release|Any CPU
		{5D280E0C-090D-4869-8120-3855BBF0D151}.Release|Any CPU.Build.0 = Release|Any CPU
		{C3338C65-E36F-425D-B328-034551ECDFA6}.Debug|Any CPU.ActiveCfg = Debug|Any CPU
		{C3338C65-E36F-425D-B328-034551ECDFA6}.Debug|Any CPU.Build.0 = Debug|Any CPU
		{C3338C65-E36F-425D-B328-034551ECDFA6}.Release|Any CPU.ActiveCfg = Release|Any CPU
		{C3338C65-E36F-425D-B328-034551ECDFA6}.Release|Any CPU.Build.0 = Release|Any CPU
		{32D7CE31-314D-4167-A95F-22BFFA34D39D}.Debug|Any CPU.ActiveCfg = Debug|Any CPU
		{32D7CE31-314D-4167-A95F-22BFFA34D39D}.Debug|Any CPU.Build.0 = Debug|Any CPU
		{32D7CE31-314D-4167-A95F-22BFFA34D39D}.Release|Any CPU.ActiveCfg = Release|Any CPU
		{32D7CE31-314D-4167-A95F-22BFFA34D39D}.Release|Any CPU.Build.0 = Release|Any CPU
		{9877499B-5769-493B-B741-0D9E31442E6D}.Debug|Any CPU.ActiveCfg = Debug|Any CPU
		{9877499B-5769-493B-B741-0D9E31442E6D}.Debug|Any CPU.Build.0 = Debug|Any CPU
		{9877499B-5769-493B-B741-0D9E31442E6D}.Release|Any CPU.ActiveCfg = Release|Any CPU
		{9877499B-5769-493B-B741-0D9E31442E6D}.Release|Any CPU.Build.0 = Release|Any CPU
		{59F010F4-0FE2-4CBE-BA5F-379AB75D3DEC}.Debug|Any CPU.ActiveCfg = Debug|Any CPU
		{59F010F4-0FE2-4CBE-BA5F-379AB75D3DEC}.Debug|Any CPU.Build.0 = Debug|Any CPU
		{59F010F4-0FE2-4CBE-BA5F-379AB75D3DEC}.Release|Any CPU.ActiveCfg = Release|Any CPU
		{59F010F4-0FE2-4CBE-BA5F-379AB75D3DEC}.Release|Any CPU.Build.0 = Release|Any CPU
		{C77805B7-F0B5-42F0-9270-F9961A9A017F}.Debug|Any CPU.ActiveCfg = Debug|Any CPU
		{C77805B7-F0B5-42F0-9270-F9961A9A017F}.Debug|Any CPU.Build.0 = Debug|Any CPU
		{C77805B7-F0B5-42F0-9270-F9961A9A017F}.Release|Any CPU.ActiveCfg = Release|Any CPU
		{C77805B7-F0B5-42F0-9270-F9961A9A017F}.Release|Any CPU.Build.0 = Release|Any CPU
		{E5335520-1412-46BE-97A5-B7142E6FDB2F}.Debug|Any CPU.ActiveCfg = Debug|Any CPU
		{E5335520-1412-46BE-97A5-B7142E6FDB2F}.Debug|Any CPU.Build.0 = Debug|Any CPU
		{E5335520-1412-46BE-97A5-B7142E6FDB2F}.Release|Any CPU.ActiveCfg = Release|Any CPU
		{E5335520-1412-46BE-97A5-B7142E6FDB2F}.Release|Any CPU.Build.0 = Release|Any CPU
		{07AB50B3-F7C6-4B45-8F60-66045DFE21E6}.Debug|Any CPU.ActiveCfg = Debug|Any CPU
		{07AB50B3-F7C6-4B45-8F60-66045DFE21E6}.Debug|Any CPU.Build.0 = Debug|Any CPU
		{07AB50B3-F7C6-4B45-8F60-66045DFE21E6}.Release|Any CPU.ActiveCfg = Release|Any CPU
		{07AB50B3-F7C6-4B45-8F60-66045DFE21E6}.Release|Any CPU.Build.0 = Release|Any CPU
		{BD300175-A7A8-466D-B423-2E48670E33FA}.Debug|Any CPU.ActiveCfg = Debug|Any CPU
		{BD300175-A7A8-466D-B423-2E48670E33FA}.Debug|Any CPU.Build.0 = Debug|Any CPU
		{BD300175-A7A8-466D-B423-2E48670E33FA}.Release|Any CPU.ActiveCfg = Release|Any CPU
		{BD300175-A7A8-466D-B423-2E48670E33FA}.Release|Any CPU.Build.0 = Release|Any CPU
		{154FBFB0-F983-4B82-9DF0-B7565A518FE4}.Debug|Any CPU.ActiveCfg = Debug|Any CPU
		{154FBFB0-F983-4B82-9DF0-B7565A518FE4}.Debug|Any CPU.Build.0 = Debug|Any CPU
		{154FBFB0-F983-4B82-9DF0-B7565A518FE4}.Release|Any CPU.ActiveCfg = Release|Any CPU
		{154FBFB0-F983-4B82-9DF0-B7565A518FE4}.Release|Any CPU.Build.0 = Release|Any CPU
		{6C925BA8-1933-4BCE-B6F9-20E7509321A7}.Debug|Any CPU.ActiveCfg = Debug|Any CPU
		{6C925BA8-1933-4BCE-B6F9-20E7509321A7}.Debug|Any CPU.Build.0 = Debug|Any CPU
		{6C925BA8-1933-4BCE-B6F9-20E7509321A7}.Release|Any CPU.ActiveCfg = Release|Any CPU
		{6C925BA8-1933-4BCE-B6F9-20E7509321A7}.Release|Any CPU.Build.0 = Release|Any CPU
		{C52499E0-5F78-4348-BD5D-E072868E6BF5}.Debug|Any CPU.ActiveCfg = Debug|Any CPU
		{C52499E0-5F78-4348-BD5D-E072868E6BF5}.Debug|Any CPU.Build.0 = Debug|Any CPU
		{C52499E0-5F78-4348-BD5D-E072868E6BF5}.Release|Any CPU.ActiveCfg = Release|Any CPU
		{C52499E0-5F78-4348-BD5D-E072868E6BF5}.Release|Any CPU.Build.0 = Release|Any CPU
		{6E889FB9-205C-4979-988E-3FEC312212C5}.Debug|Any CPU.ActiveCfg = Debug|Any CPU
		{6E889FB9-205C-4979-988E-3FEC312212C5}.Debug|Any CPU.Build.0 = Debug|Any CPU
		{6E889FB9-205C-4979-988E-3FEC312212C5}.Release|Any CPU.ActiveCfg = Release|Any CPU
		{6E889FB9-205C-4979-988E-3FEC312212C5}.Release|Any CPU.Build.0 = Release|Any CPU
		{7174CA74-B22C-4CCB-9C42-5EDB87966BB0}.Debug|Any CPU.ActiveCfg = Debug|Any CPU
		{7174CA74-B22C-4CCB-9C42-5EDB87966BB0}.Debug|Any CPU.Build.0 = Debug|Any CPU
		{7174CA74-B22C-4CCB-9C42-5EDB87966BB0}.Release|Any CPU.ActiveCfg = Release|Any CPU
		{7174CA74-B22C-4CCB-9C42-5EDB87966BB0}.Release|Any CPU.Build.0 = Release|Any CPU
		{B7EBCD4A-1140-416C-8DC1-039C04539837}.Debug|Any CPU.ActiveCfg = Debug|Any CPU
		{B7EBCD4A-1140-416C-8DC1-039C04539837}.Debug|Any CPU.Build.0 = Debug|Any CPU
		{B7EBCD4A-1140-416C-8DC1-039C04539837}.Release|Any CPU.ActiveCfg = Release|Any CPU
		{B7EBCD4A-1140-416C-8DC1-039C04539837}.Release|Any CPU.Build.0 = Release|Any CPU
	EndGlobalSection
	GlobalSection(SolutionProperties) = preSolution
		HideSolutionNode = FALSE
	EndGlobalSection
	GlobalSection(NestedProjects) = preSolution
		{7174CA74-B22C-4CCB-9C42-5EDB87966BB0} = {4C5353AD-B143-472F-A154-B370AB1B4883}
		{B7EBCD4A-1140-416C-8DC1-039C04539837} = {4C5353AD-B143-472F-A154-B370AB1B4883}
	EndGlobalSection
	GlobalSection(ExtensibilityGlobals) = postSolution
		SolutionGuid = {D98AB64D-EB74-4C3A-9683-EE067BBA6BAB}
	EndGlobalSection
EndGlobal
